// !$*UTF8*$!
{
	archiveVersion = 1;
	classes = {
	};
	objectVersion = 48;
	objects = {

/* Begin PBXBuildFile section */
		86EC604B1FA1DCA200F0906D /* main.cpp in Sources */ = {isa = PBXBuildFile; fileRef = 86EC604A1FA1DCA200F0906D /* main.cpp */; };
		86F2CF491FAA614000D75CF7 /* commandsList.h in Sources */ = {isa = PBXBuildFile; fileRef = 86F2CF481FAA614000D75CF7 /* commandsList.h */; };
/* End PBXBuildFile section */

/* Begin PBXCopyFilesBuildPhase section */
		86EC60451FA1DCA200F0906D /* CopyFiles */ = {
			isa = PBXCopyFilesBuildPhase;
			buildActionMask = 2147483647;
			dstPath = /usr/share/man/man1/;
			dstSubfolderSpec = 0;
			files = (
			);
			runOnlyForDeploymentPostprocessing = 1;
		};
/* End PBXCopyFilesBuildPhase section */

/* Begin PBXFileReference section */
		8600849C1FC62C250002CAAA /* basicMethods.h */ = {isa = PBXFileReference; lastKnownFileType = sourcecode.c.h; path = basicMethods.h; sourceTree = "<group>"; };
		864AA20C1FBCFA89002A61CC /* machineCode.txt */ = {isa = PBXFileReference; lastKnownFileType = text; path = machineCode.txt; sourceTree = "<group>"; };
		864AA20D1FBCFAC3002A61CC /* humanCode.txt */ = {isa = PBXFileReference; lastKnownFileType = text; path = humanCode.txt; sourceTree = "<group>"; };
		8661FEA71FAE0105004C3D13 /* processor.profdata */ = {isa = PBXFileReference; lastKnownFileType = file; path = processor.profdata; sourceTree = "<group>"; };
		86EC60471FA1DCA200F0906D /* processor */ = {isa = PBXFileReference; explicitFileType = "compiled.mach-o.executable"; includeInIndex = 0; path = processor; sourceTree = BUILT_PRODUCTS_DIR; };
		86EC604A1FA1DCA200F0906D /* main.cpp */ = {isa = PBXFileReference; lastKnownFileType = sourcecode.cpp.cpp; path = main.cpp; sourceTree = "<group>"; };
		86EC60511FA1DCDA00F0906D /* stack.h */ = {isa = PBXFileReference; lastKnownFileType = sourcecode.c.h; path = stack.h; sourceTree = "<group>"; };
		86EC60521FA1DD3B00F0906D /* logsConstants.h */ = {isa = PBXFileReference; lastKnownFileType = sourcecode.c.h; path = logsConstants.h; sourceTree = "<group>"; };
		86EC60531FA1DD3B00F0906D /* fileIO.h */ = {isa = PBXFileReference; lastKnownFileType = sourcecode.c.h; path = fileIO.h; sourceTree = "<group>"; };
		86F2CF481FAA614000D75CF7 /* commandsList.h */ = {isa = PBXFileReference; lastKnownFileType = sourcecode.c.h; path = commandsList.h; sourceTree = "<group>"; };
		86F2CF4C1FAA6EC500D75CF7 /* compiler.h */ = {isa = PBXFileReference; lastKnownFileType = sourcecode.c.h; path = compiler.h; sourceTree = "<group>"; };
/* End PBXFileReference section */

/* Begin PBXFrameworksBuildPhase section */
		86EC60441FA1DCA200F0906D /* Frameworks */ = {
			isa = PBXFrameworksBuildPhase;
			buildActionMask = 2147483647;
			files = (
			);
			runOnlyForDeploymentPostprocessing = 0;
		};
/* End PBXFrameworksBuildPhase section */

/* Begin PBXGroup section */
		8661FEA61FAE0105004C3D13 /* OptimizationProfiles */ = {
			isa = PBXGroup;
			children = (
				8661FEA71FAE0105004C3D13 /* processor.profdata */,
			);
			path = OptimizationProfiles;
			sourceTree = "<group>";
		};
		86EC603E1FA1DCA200F0906D = {
			isa = PBXGroup;
			children = (
				86EC60491FA1DCA200F0906D /* processor */,
				86EC60481FA1DCA200F0906D /* Products */,
				864AA20D1FBCFAC3002A61CC /* humanCode.txt */,
				864AA20C1FBCFA89002A61CC /* machineCode.txt */,
				8661FEA61FAE0105004C3D13 /* OptimizationProfiles */,
			);
			sourceTree = "<group>";
		};
		86EC60481FA1DCA200F0906D /* Products */ = {
			isa = PBXGroup;
			children = (
				86EC60471FA1DCA200F0906D /* processor */,
			);
			name = Products;
			sourceTree = "<group>";
		};
		86EC60491FA1DCA200F0906D /* processor */ = {
			isa = PBXGroup;
			children = (
				86EC604A1FA1DCA200F0906D /* main.cpp */,
				86F2CF481FAA614000D75CF7 /* commandsList.h */,
				86F2CF4C1FAA6EC500D75CF7 /* compiler.h */,
				86EC60511FA1DCDA00F0906D /* stack.h */,
				8600849C1FC62C250002CAAA /* basicMethods.h */,
				86EC60531FA1DD3B00F0906D /* fileIO.h */,
				86EC60521FA1DD3B00F0906D /* logsConstants.h */,
			);
			path = processor;
			sourceTree = "<group>";
		};
/* End PBXGroup section */

/* Begin PBXNativeTarget section */
		86EC60461FA1DCA200F0906D /* processor */ = {
			isa = PBXNativeTarget;
			buildConfigurationList = 86EC604E1FA1DCA200F0906D /* Build configuration list for PBXNativeTarget "processor" */;
			buildPhases = (
				86EC60431FA1DCA200F0906D /* Sources */,
				86EC60441FA1DCA200F0906D /* Frameworks */,
				86EC60451FA1DCA200F0906D /* CopyFiles */,
			);
			buildRules = (
			);
			dependencies = (
			);
			name = processor;
			productName = processor;
			productReference = 86EC60471FA1DCA200F0906D /* processor */;
			productType = "com.apple.product-type.tool";
		};
/* End PBXNativeTarget section */

/* Begin PBXProject section */
		86EC603F1FA1DCA200F0906D /* Project object */ = {
			isa = PBXProject;
			attributes = {
				LastUpgradeCheck = 0900;
				ORGANIZATIONNAME = "Эльдар Дамиров";
				TargetAttributes = {
					86EC60461FA1DCA200F0906D = {
						CreatedOnToolsVersion = 9.0.1;
						ProvisioningStyle = Automatic;
					};
				};
			};
			buildConfigurationList = 86EC60421FA1DCA200F0906D /* Build configuration list for PBXProject "processor" */;
			compatibilityVersion = "Xcode 8.0";
			developmentRegion = en;
			hasScannedForEncodings = 0;
			knownRegions = (
				en,
			);
			mainGroup = 86EC603E1FA1DCA200F0906D;
			productRefGroup = 86EC60481FA1DCA200F0906D /* Products */;
			projectDirPath = "";
			projectRoot = "";
			targets = (
				86EC60461FA1DCA200F0906D /* processor */,
			);
		};
/* End PBXProject section */

/* Begin PBXSourcesBuildPhase section */
		86EC60431FA1DCA200F0906D /* Sources */ = {
			isa = PBXSourcesBuildPhase;
			buildActionMask = 2147483647;
			files = (
				86EC604B1FA1DCA200F0906D /* main.cpp in Sources */,
				86F2CF491FAA614000D75CF7 /* commandsList.h in Sources */,
			);
			runOnlyForDeploymentPostprocessing = 0;
		};
/* End PBXSourcesBuildPhase section */

/* Begin XCBuildConfiguration section */
		86EC604C1FA1DCA200F0906D /* Debug */ = {
			isa = XCBuildConfiguration;
			buildSettings = {
				ALWAYS_SEARCH_USER_PATHS = NO;
				CLANG_ANALYZER_NONNULL = YES;
				CLANG_ANALYZER_NUMBER_OBJECT_CONVERSION = YES_AGGRESSIVE;
				CLANG_CXX_LANGUAGE_STANDARD = "gnu++14";
				CLANG_CXX_LIBRARY = "libc++";
				CLANG_ENABLE_MODULES = YES;
				CLANG_ENABLE_OBJC_ARC = YES;
				CLANG_WARN_BLOCK_CAPTURE_AUTORELEASING = YES;
				CLANG_WARN_BOOL_CONVERSION = YES;
				CLANG_WARN_COMMA = YES;
				CLANG_WARN_CONSTANT_CONVERSION = YES;
				CLANG_WARN_DIRECT_OBJC_ISA_USAGE = YES_ERROR;
				CLANG_WARN_DOCUMENTATION_COMMENTS = YES;
				CLANG_WARN_EMPTY_BODY = YES;
				CLANG_WARN_ENUM_CONVERSION = YES;
				CLANG_WARN_INFINITE_RECURSION = YES;
				CLANG_WARN_INT_CONVERSION = YES;
				CLANG_WARN_NON_LITERAL_NULL_CONVERSION = YES;
				CLANG_WARN_OBJC_LITERAL_CONVERSION = YES;
				CLANG_WARN_OBJC_ROOT_CLASS = YES_ERROR;
				CLANG_WARN_RANGE_LOOP_ANALYSIS = YES;
				CLANG_WARN_STRICT_PROTOTYPES = YES;
				CLANG_WARN_SUSPICIOUS_MOVE = YES;
				CLANG_WARN_UNGUARDED_AVAILABILITY = YES_AGGRESSIVE;
				CLANG_WARN_UNREACHABLE_CODE = YES;
				CLANG_WARN__DUPLICATE_METHOD_MATCH = YES;
				CODE_SIGN_IDENTITY = "Mac Developer";
				COPY_PHASE_STRIP = NO;
				DEBUG_INFORMATION_FORMAT = dwarf;
				ENABLE_STRICT_OBJC_MSGSEND = YES;
				ENABLE_TESTABILITY = YES;
				GCC_C_LANGUAGE_STANDARD = gnu11;
				GCC_DYNAMIC_NO_PIC = NO;
				GCC_NO_COMMON_BLOCKS = YES;
				GCC_OPTIMIZATION_LEVEL = 0;
				GCC_PREPROCESSOR_DEFINITIONS = (
					"DEBUG=1",
					"$(inherited)",
				);
				GCC_WARN_64_TO_32_BIT_CONVERSION = YES;
				GCC_WARN_ABOUT_RETURN_TYPE = YES_ERROR;
				GCC_WARN_UNDECLARED_SELECTOR = YES;
				GCC_WARN_UNINITIALIZED_AUTOS = YES_AGGRESSIVE;
				GCC_WARN_UNUSED_FUNCTION = YES;
				GCC_WARN_UNUSED_VARIABLE = YES;
				MACOSX_DEPLOYMENT_TARGET = 10.13;
				MTL_ENABLE_DEBUG_INFO = YES;
				ONLY_ACTIVE_ARCH = YES;
				SDKROOT = macosx;
			};
			name = Debug;
		};
		86EC604D1FA1DCA200F0906D /* Release */ = {
			isa = XCBuildConfiguration;
			buildSettings = {
				ALWAYS_SEARCH_USER_PATHS = NO;
				CLANG_ANALYZER_NONNULL = YES;
				CLANG_ANALYZER_NUMBER_OBJECT_CONVERSION = YES_AGGRESSIVE;
				CLANG_CXX_LANGUAGE_STANDARD = "gnu++14";
				CLANG_CXX_LIBRARY = "libc++";
				CLANG_ENABLE_MODULES = YES;
				CLANG_ENABLE_OBJC_ARC = YES;
				CLANG_WARN_BLOCK_CAPTURE_AUTORELEASING = YES;
				CLANG_WARN_BOOL_CONVERSION = YES;
				CLANG_WARN_COMMA = YES;
				CLANG_WARN_CONSTANT_CONVERSION = YES;
				CLANG_WARN_DIRECT_OBJC_ISA_USAGE = YES_ERROR;
				CLANG_WARN_DOCUMENTATION_COMMENTS = YES;
				CLANG_WARN_EMPTY_BODY = YES;
				CLANG_WARN_ENUM_CONVERSION = YES;
				CLANG_WARN_INFINITE_RECURSION = YES;
				CLANG_WARN_INT_CONVERSION = YES;
				CLANG_WARN_NON_LITERAL_NULL_CONVERSION = YES;
				CLANG_WARN_OBJC_LITERAL_CONVERSION = YES;
				CLANG_WARN_OBJC_ROOT_CLASS = YES_ERROR;
				CLANG_WARN_RANGE_LOOP_ANALYSIS = YES;
				CLANG_WARN_STRICT_PROTOTYPES = YES;
				CLANG_WARN_SUSPICIOUS_MOVE = YES;
				CLANG_WARN_UNGUARDED_AVAILABILITY = YES_AGGRESSIVE;
				CLANG_WARN_UNREACHABLE_CODE = YES;
				CLANG_WARN__DUPLICATE_METHOD_MATCH = YES;
				CODE_SIGN_IDENTITY = "Mac Developer";
				COPY_PHASE_STRIP = NO;
				DEBUG_INFORMATION_FORMAT = "dwarf-with-dsym";
				ENABLE_NS_ASSERTIONS = NO;
				ENABLE_STRICT_OBJC_MSGSEND = YES;
				GCC_C_LANGUAGE_STANDARD = gnu11;
				GCC_NO_COMMON_BLOCKS = YES;
				GCC_WARN_64_TO_32_BIT_CONVERSION = YES;
				GCC_WARN_ABOUT_RETURN_TYPE = YES_ERROR;
				GCC_WARN_UNDECLARED_SELECTOR = YES;
				GCC_WARN_UNINITIALIZED_AUTOS = YES_AGGRESSIVE;
				GCC_WARN_UNUSED_FUNCTION = YES;
				GCC_WARN_UNUSED_VARIABLE = YES;
				MACOSX_DEPLOYMENT_TARGET = 10.13;
				MTL_ENABLE_DEBUG_INFO = NO;
				SDKROOT = macosx;
			};
			name = Release;
		};
		86EC604F1FA1DCA200F0906D /* Debug */ = {
			isa = XCBuildConfiguration;
			buildSettings = {
				CLANG_CXX_LANGUAGE_STANDARD = "gnu++17";
				CLANG_USE_OPTIMIZATION_PROFILE = YES;
				CODE_SIGN_STYLE = Automatic;
				DEVELOPMENT_TEAM = AUWER2S3N2;
				GCC_OPTIMIZATION_LEVEL = 0;
				PRODUCT_NAME = "$(TARGET_NAME)";
			};
			name = Debug;
		};
		86EC60501FA1DCA200F0906D /* Release */ = {
			isa = XCBuildConfiguration;
			buildSettings = {
				CLANG_CXX_LANGUAGE_STANDARD = "gnu++17";
				CLANG_USE_OPTIMIZATION_PROFILE = YES;
				CODE_SIGN_STYLE = Automatic;
				DEVELOPMENT_TEAM = AUWER2S3N2;
				GCC_OPTIMIZATION_LEVEL = 0;
				PRODUCT_NAME = "$(TARGET_NAME)";
			};
			name = Release;
		};
/* End XCBuildConfiguration section */

/* Begin XCConfigurationList section */
		86EC60421FA1DCA200F0906D /* Build configuration list for PBXProject "processor" */ = {
			isa = XCConfigurationList;
			buildConfigurations = (
				86EC604C1FA1DCA200F0906D /* Debug */,
				86EC604D1FA1DCA200F0906D /* Release */,
			);
			defaultConfigurationIsVisible = 0;
			defaultConfigurationName = Release;
		};
		86EC604E1FA1DCA200F0906D /* Build configuration list for PBXNativeTarget "processor" */ = {
			isa = XCConfigurationList;
			buildConfigurations = (
				86EC604F1FA1DCA200F0906D /* Debug */,
				86EC60501FA1DCA200F0906D /* Release */,
			);
			defaultConfigurationIsVisible = 0;
			defaultConfigurationName = Release;
		};
/* End XCConfigurationList section */
	};
	rootObject = 86EC603F1FA1DCA200F0906D /* Project object */;
}
